
Microsoft Visual Studio Solution File, Format Version 12.00
# Visual Studio Version 17
VisualStudioVersion = 17.0.31903.59
MinimumVisualStudioVersion = 10.0.40219.1
Project("{FAE04EC0-301F-11D3-BF4B-00C04F79EFBC}") = "ShopfloorManager.API", "ShopfloorManager.API\ShopfloorManager.API.csproj", "{6F0CA8E4-6932-41F5-A467-35746FFE0182}"
EndProject
Project("{FAE04EC0-301F-11D3-BF4B-00C04F79EFBC}") = "ShopfloorManager.Application", "ShopfloorManager.Application\ShopfloorManager.Application.csproj", "{B7B025CE-31C8-4B37-B3B0-32C429714FE1}"
EndProject
Project("{FAE04EC0-301F-11D3-BF4B-00C04F79EFBC}") = "ShopfloorManager.Domain", "ShopfloorManager.Domain\ShopfloorManager.Domain.csproj", "{C36783DE-2DD5-45AF-AB42-AE5C0BEC8073}"
EndProject
Project("{FAE04EC0-301F-11D3-BF4B-00C04F79EFBC}") = "ShopfloorManager.Infrastructure", "ShopfloorManager.Infrastructure\ShopfloorManager.Infrastructure.csproj", "{9285F6B8-2E35-433D-B172-8392E48B23EF}"
EndProject
Project("{FAE04EC0-301F-11D3-BF4B-00C04F79EFBC}") = "ShopfloorManager.Shared", "ShopfloorManager.Shared\ShopfloorManager.Shared.csproj", "{7B34B13B-7D36-466A-B8EC-40ECDF85DA8D}"
EndProject
Project("{FAE04EC0-301F-11D3-BF4B-00C04F79EFBC}") = "ShopfloorManager.Desktop", "ShopfloorManager.Desktop\ShopfloorManager.Desktop.csproj", "{598600D7-9106-40D6-B3C7-00335B3CC01E}"
EndProject
Global
	GlobalSection(SolutionConfigurationPlatforms) = preSolution
		Debug|Any CPU = Debug|Any CPU
		Debug|x64 = Debug|x64
		Debug|x86 = Debug|x86
		Release|Any CPU = Release|Any CPU
		Release|x64 = Release|x64
		Release|x86 = Release|x86
	EndGlobalSection
	GlobalSection(ProjectConfigurationPlatforms) = postSolution
		{6F0CA8E4-6932-41F5-A467-35746FFE0182}.Debug|Any CPU.ActiveCfg = Debug|Any CPU
		{6F0CA8E4-6932-41F5-A467-35746FFE0182}.Debug|Any CPU.Build.0 = Debug|Any CPU
		{6F0CA8E4-6932-41F5-A467-35746FFE0182}.Debug|x64.ActiveCfg = Debug|Any CPU
		{6F0CA8E4-6932-41F5-A467-35746FFE0182}.Debug|x64.Build.0 = Debug|Any CPU
		{6F0CA8E4-6932-41F5-A467-35746FFE0182}.Debug|x86.ActiveCfg = Debug|Any CPU
		{6F0CA8E4-6932-41F5-A467-35746FFE0182}.Debug|x86.Build.0 = Debug|Any CPU
		{6F0CA8E4-6932-41F5-A467-35746FFE0182}.Release|Any CPU.ActiveCfg = Release|Any CPU
		{6F0CA8E4-6932-41F5-A467-35746FFE0182}.Release|Any CPU.Build.0 = Release|Any CPU
		{6F0CA8E4-6932-41F5-A467-35746FFE0182}.Release|x64.ActiveCfg = Release|Any CPU
		{6F0CA8E4-6932-41F5-A467-35746FFE0182}.Release|x64.Build.0 = Release|Any CPU
		{6F0CA8E4-6932-41F5-A467-35746FFE0182}.Release|x86.ActiveCfg = Release|Any CPU
		{6F0CA8E4-6932-41F5-A467-35746FFE0182}.Release|x86.Build.0 = Release|Any CPU
		{B7B025CE-31C8-4B37-B3B0-32C429714FE1}.Debug|Any CPU.ActiveCfg = Debug|Any CPU
		{B7B025CE-31C8-4B37-B3B0-32C429714FE1}.Debug|Any CPU.Build.0 = Debug|Any CPU
		{B7B025CE-31C8-4B37-B3B0-32C429714FE1}.Debug|x64.ActiveCfg = Debug|Any CPU
		{B7B025CE-31C8-4B37-B3B0-32C429714FE1}.Debug|x64.Build.0 = Debug|Any CPU
		{B7B025CE-31C8-4B37-B3B0-32C429714FE1}.Debug|x86.ActiveCfg = Debug|Any CPU
		{B7B025CE-31C8-4B37-B3B0-32C429714FE1}.Debug|x86.Build.0 = Debug|Any CPU
		{B7B025CE-31C8-4B37-B3B0-32C429714FE1}.Release|Any CPU.ActiveCfg = Release|Any CPU
		{B7B025CE-31C8-4B37-B3B0-32C429714FE1}.Release|Any CPU.Build.0 = Release|Any CPU
		{B7B025CE-31C8-4B37-B3B0-32C429714FE1}.Release|x64.ActiveCfg = Release|Any CPU
		{B7B025CE-31C8-4B37-B3B0-32C429714FE1}.Release|x64.Build.0 = Release|Any CPU
		{B7B025CE-31C8-4B37-B3B0-32C429714FE1}.Release|x86.ActiveCfg = Release|Any CPU
		{B7B025CE-31C8-4B37-B3B0-32C429714FE1}.Release|x86.Build.0 = Release|Any CPU
		{C36783DE-2DD5-45AF-AB42-AE5C0BEC8073}.Debug|Any CPU.ActiveCfg = Debug|Any CPU
		{C36783DE-2DD5-45AF-AB42-AE5C0BEC8073}.Debug|Any CPU.Build.0 = Debug|Any CPU
		{C36783DE-2DD5-45AF-AB42-AE5C0BEC8073}.Debug|x64.ActiveCfg = Debug|Any CPU
		{C36783DE-2DD5-45AF-AB42-AE5C0BEC8073}.Debug|x64.Build.0 = Debug|Any CPU
		{C36783DE-2DD5-45AF-AB42-AE5C0BEC8073}.Debug|x86.ActiveCfg = Debug|Any CPU
		{C36783DE-2DD5-45AF-AB42-AE5C0BEC8073}.Debug|x86.Build.0 = Debug|Any CPU
		{C36783DE-2DD5-45AF-AB42-AE5C0BEC8073}.Release|Any CPU.ActiveCfg = Release|Any CPU
		{C36783DE-2DD5-45AF-AB42-AE5C0BEC8073}.Release|Any CPU.Build.0 = Release|Any CPU
		{C36783DE-2DD5-45AF-AB42-AE5C0BEC8073}.Release|x64.ActiveCfg = Release|Any CPU
		{C36783DE-2DD5-45AF-AB42-AE5C0BEC8073}.Release|x64.Build.0 = Release|Any CPU
		{C36783DE-2DD5-45AF-AB42-AE5C0BEC8073}.Release|x86.ActiveCfg = Release|Any CPU
		{C36783DE-2DD5-45AF-AB42-AE5C0BEC8073}.Release|x86.Build.0 = Release|Any CPU
		{9285F6B8-2E35-433D-B172-8392E48B23EF}.Debug|Any CPU.ActiveCfg = Debug|Any CPU
		{9285F6B8-2E35-433D-B172-8392E48B23EF}.Debug|Any CPU.Build.0 = Debug|Any CPU
		{9285F6B8-2E35-433D-B172-8392E48B23EF}.Debug|x64.ActiveCfg = Debug|Any CPU
		{9285F6B8-2E35-433D-B172-8392E48B23EF}.Debug|x64.Build.0 = Debug|Any CPU
		{9285F6B8-2E35-433D-B172-8392E48B23EF}.Debug|x86.ActiveCfg = Debug|Any CPU
		{9285F6B8-2E35-433D-B172-8392E48B23EF}.Debug|x86.Build.0 = Debug|Any CPU
		{9285F6B8-2E35-433D-B172-8392E48B23EF}.Release|Any CPU.ActiveCfg = Release|Any CPU
		{9285F6B8-2E35-433D-B172-8392E48B23EF}.Release|Any CPU.Build.0 = Release|Any CPU
		{9285F6B8-2E35-433D-B172-8392E48B23EF}.Release|x64.ActiveCfg = Release|Any CPU
		{9285F6B8-2E35-433D-B172-8392E48B23EF}.Release|x64.Build.0 = Release|Any CPU
		{9285F6B8-2E35-433D-B172-8392E48B23EF}.Release|x86.ActiveCfg = Release|Any CPU
		{9285F6B8-2E35-433D-B172-8392E48B23EF}.Release|x86.Build.0 = Release|Any CPU
		{7B34B13B-7D36-466A-B8EC-40ECDF85DA8D}.Debug|Any CPU.ActiveCfg = Debug|Any CPU
		{7B34B13B-7D36-466A-B8EC-40ECDF85DA8D}.Debug|Any CPU.Build.0 = Debug|Any CPU
		{7B34B13B-7D36-466A-B8EC-40ECDF85DA8D}.Debug|x64.ActiveCfg = Debug|Any CPU
		{7B34B13B-7D36-466A-B8EC-40ECDF85DA8D}.Debug|x64.Build.0 = Debug|Any CPU
		{7B34B13B-7D36-466A-B8EC-40ECDF85DA8D}.Debug|x86.ActiveCfg = Debug|Any CPU
		{7B34B13B-7D36-466A-B8EC-40ECDF85DA8D}.Debug|x86.Build.0 = Debug|Any CPU
		{7B34B13B-7D36-466A-B8EC-40ECDF85DA8D}.Release|Any CPU.ActiveCfg = Release|Any CPU
		{7B34B13B-7D36-466A-B8EC-40ECDF85DA8D}.Release|Any CPU.Build.0 = Release|Any CPU
		{7B34B13B-7D36-466A-B8EC-40ECDF85DA8D}.Release|x64.ActiveCfg = Release|Any CPU
		{7B34B13B-7D36-466A-B8EC-40ECDF85DA8D}.Release|x64.Build.0 = Release|Any CPU
		{7B34B13B-7D36-466A-B8EC-40ECDF85DA8D}.Release|x86.ActiveCfg = Release|Any CPU
		{7B34B13B-7D36-466A-B8EC-40ECDF85DA8D}.Release|x86.Build.0 = Release|Any CPU
		{598600D7-9106-40D6-B3C7-00335B3CC01E}.Debug|Any CPU.ActiveCfg = Debug|Any CPU
		{598600D7-9106-40D6-B3C7-00335B3CC01E}.Debug|Any CPU.Build.0 = Debug|Any CPU
		{598600D7-9106-40D6-B3C7-00335B3CC01E}.Debug|x64.ActiveCfg = Debug|Any CPU
		{598600D7-9106-40D6-B3C7-00335B3CC01E}.Debug|x64.Build.0 = Debug|Any CPU
		{598600D7-9106-40D6-B3C7-00335B3CC01E}.Debug|x86.ActiveCfg = Debug|Any CPU
		{598600D7-9106-40D6-B3C7-00335B3CC01E}.Debug|x86.Build.0 = Debug|Any CPU
		{598600D7-9106-40D6-B3C7-00335B3CC01E}.Release|Any CPU.ActiveCfg = Release|Any CPU
		{598600D7-9106-40D6-B3C7-00335B3CC01E}.Release|Any CPU.Build.0 = Release|Any CPU
		{598600D7-9106-40D6-B3C7-00335B3CC01E}.Release|x64.ActiveCfg = Release|Any CPU
		{598600D7-9106-40D6-B3C7-00335B3CC01E}.Release|x64.Build.0 = Release|Any CPU
		{598600D7-9106-40D6-B3C7-00335B3CC01E}.Release|x86.ActiveCfg = Release|Any CPU
		{598600D7-9106-40D6-B3C7-00335B3CC01E}.Release|x86.Build.0 = Release|Any CPU
	EndGlobalSection
	GlobalSection(SolutionProperties) = preSolution
		HideSolutionNode = FALSE
	EndGlobalSection
EndGlobal
